
Microsoft Visual Studio Solution File, Format Version 12.00
# Visual Studio Version 17
VisualStudioVersion = 17.2.32602.215
MinimumVisualStudioVersion = 10.0.40219.1
Project("{FAE04EC0-301F-11D3-BF4B-00C04F79EFBC}") = "CustomerProject", "CustomerProject\CustomerProject.csproj", "{7513158A-5906-48DF-8E52-23FF07355F5D}"
EndProject
Global
	GlobalSection(SolutionConfigurationPlatforms) = preSolution
		Debug|Any CPU = Debug|Any CPU
		Release|Any CPU = Release|Any CPU
	EndGlobalSection
	GlobalSection(ProjectConfigurationPlatforms) = postSolution
		{7513158A-5906-48DF-8E52-23FF07355F5D}.Debug|Any CPU.ActiveCfg = Debug|Any CPU
		{7513158A-5906-48DF-8E52-23FF07355F5D}.Debug|Any CPU.Build.0 = Debug|Any CPU
		{7513158A-5906-48DF-8E52-23FF07355F5D}.Release|Any CPU.ActiveCfg = Release|Any CPU
		{7513158A-5906-48DF-8E52-23FF07355F5D}.Release|Any CPU.Build.0 = Release|Any CPU
	EndGlobalSection
	GlobalSection(SolutionProperties) = preSolution
		HideSolutionNode = FALSE
	EndGlobalSection
	GlobalSection(ExtensibilityGlobals) = postSolution
		SolutionGuid = {964EE755-F2A9-49CB-9B94-4F2C02026C9F}
	EndGlobalSection
EndGlobal
